# This file is automatically @generated by Cargo.
# It is not intended for manual editing.
version = 4

[[package]]
name = "acpi"
version = "5.2.0"
source = "registry+https://github.com/rust-lang/crates.io-index"
checksum = "94476c7ef97af4c4d998b3f422c1b01d5211aad57c80ed200baf148d1f1efab6"
dependencies = [
 "bit_field",
 "bitflags",
 "log",
]

[[package]]
name = "arch"
version = "0.1.0"
dependencies = [
 "bitflags",
 "cfg-if",
 "eonix_hal_traits",
 "eonix_mm",
 "fdt",
 "riscv",
 "sbi",
 "spin",
]

[[package]]
name = "arch_macros"
version = "0.1.0"
dependencies = [
 "proc-macro2",
 "quote",
 "syn",
]

[[package]]
name = "atomic_unique_refcell"
version = "0.1.0"

[[package]]
name = "autocfg"
version = "1.4.0"
source = "registry+https://github.com/rust-lang/crates.io-index"
checksum = "ace50bade8e6234aa140d9a2f552bbee1db4d353f69b8217bc503490fc1a9f26"

[[package]]
name = "bit_field"
version = "0.10.2"
source = "registry+https://github.com/rust-lang/crates.io-index"
checksum = "dc827186963e592360843fb5ba4b973e145841266c1357f7180c43526f2e5b61"

[[package]]
name = "bitflags"
version = "2.9.1"
source = "registry+https://github.com/rust-lang/crates.io-index"
checksum = "1b8e56985ec62d17e9c1001dc89c88ecd7dc08e47eba5ec7c29c7b5eeecde967"

[[package]]
name = "buddy_allocator"
version = "0.1.0"
dependencies = [
 "eonix_mm",
 "intrusive_list",
]

[[package]]
name = "cfg-if"
version = "1.0.0"
source = "registry+https://github.com/rust-lang/crates.io-index"
checksum = "baf1de4339761588bc0619e3cbc0120ee582ebb74b53b4efbf79117bd2da40fd"

[[package]]
name = "critical-section"
version = "1.2.0"
source = "registry+https://github.com/rust-lang/crates.io-index"
checksum = "790eea4361631c5e7d22598ecd5723ff611904e3344ce8720784c93e3d83d40b"

[[package]]
name = "either"
version = "1.13.0"
source = "registry+https://github.com/rust-lang/crates.io-index"
checksum = "60b1af1c220855b6ceac025d3f6ecdd2b7c4894bfe9cd9bda4fbb4bc7c0d4cf0"

[[package]]
name = "embedded-hal"
version = "1.0.0"
source = "registry+https://github.com/rust-lang/crates.io-index"
checksum = "361a90feb7004eca4019fb28352a9465666b24f840f5c3cddf0ff13920590b89"

[[package]]
name = "eonix_hal"
version = "0.1.0"
dependencies = [
 "acpi",
 "arch",
 "bitflags",
 "buddy_allocator",
 "cfg-if",
 "eonix_hal_macros",
 "eonix_hal_traits",
 "eonix_mm",
 "eonix_percpu",
 "eonix_preempt",
 "eonix_sync_base",
 "fdt",
 "intrusive_list",
 "riscv",
 "sbi",
 "spin",
]

[[package]]
name = "eonix_hal_macros"
version = "0.1.0"
dependencies = [
 "proc-macro2",
 "quote",
 "syn",
]

[[package]]
name = "eonix_hal_traits"
version = "0.1.0"
dependencies = [
 "bitflags",
 "eonix_mm",
]

[[package]]
name = "eonix_kernel"
version = "0.1.0"
dependencies = [
 "acpi",
 "arch",
 "atomic_unique_refcell",
 "bitflags",
 "buddy_allocator",
 "eonix_hal",
 "eonix_log",
 "eonix_macros",
 "eonix_mm",
 "eonix_percpu",
 "eonix_preempt",
 "eonix_runtime",
 "eonix_sync",
 "intrusive-collections",
 "intrusive_list",
 "itertools",
 "pointers",
 "posix_types",
 "slab_allocator",
]

[[package]]
name = "eonix_log"
version = "0.1.0"
dependencies = [
 "eonix_sync",
]

[[package]]
name = "eonix_macros"
version = "0.1.0"
dependencies = [
 "proc-macro2",
 "quote",
 "syn",
]

[[package]]
name = "eonix_mm"
version = "0.1.0"
dependencies = [
 "bitflags",
]

[[package]]
name = "eonix_percpu"
version = "0.1.0"
dependencies = [
 "eonix_percpu_macros",
]

[[package]]
name = "eonix_percpu_macros"
version = "0.1.0"
dependencies = [
 "arch_macros",
 "proc-macro2",
 "quote",
 "syn",
]

[[package]]
name = "eonix_preempt"
version = "0.1.0"
dependencies = [
 "eonix_percpu",
]

[[package]]
name = "eonix_runtime"
version = "0.1.0"
dependencies = [
 "arch",
 "atomic_unique_refcell",
 "eonix_hal",
 "eonix_log",
 "eonix_percpu",
 "eonix_preempt",
 "eonix_sync",
 "intrusive-collections",
 "pointers",
]

[[package]]
name = "eonix_spin"
version = "0.1.0"
dependencies = [
 "eonix_preempt",
 "eonix_sync_base",
]

[[package]]
name = "eonix_sync"
version = "0.1.0"
dependencies = [
 "eonix_spin",
 "eonix_sync_base",
 "eonix_sync_rt",
]

[[package]]
name = "eonix_sync_base"
version = "0.1.0"

[[package]]
name = "eonix_sync_rt"
version = "0.1.0"
dependencies = [
 "arch",
 "eonix_hal",
 "eonix_preempt",
 "eonix_spin",
 "eonix_sync_base",
 "intrusive-collections",
]

[[package]]
name = "fdt"
version = "0.1.5"
source = "registry+https://github.com/rust-lang/crates.io-index"
checksum = "784a4df722dc6267a04af36895398f59d21d07dce47232adf31ec0ff2fa45e67"

[[package]]
name = "intrusive-collections"
version = "0.9.7"
source = "registry+https://github.com/rust-lang/crates.io-index"
checksum = "189d0897e4cbe8c75efedf3502c18c887b05046e59d28404d4d8e46cbc4d1e86"
dependencies = [
 "memoffset",
]

[[package]]
name = "intrusive_list"
version = "0.1.0"

[[package]]
name = "itertools"
version = "0.13.0"
source = "registry+https://github.com/rust-lang/crates.io-index"
checksum = "413ee7dfc52ee1a4949ceeb7dbc8a33f2d6c088194d9f922fb8318faf1f01186"
dependencies = [
 "either",
]

[[package]]
name = "lock_api"
version = "0.4.13"
source = "registry+https://github.com/rust-lang/crates.io-index"
checksum = "96936507f153605bddfcda068dd804796c84324ed2510809e5b2a624c81da765"
dependencies = [
 "autocfg",
 "scopeguard",
]

[[package]]
name = "log"
version = "0.4.22"
source = "registry+https://github.com/rust-lang/crates.io-index"
checksum = "a7a70ba024b9dc04c27ea2f0c0548feb474ec5c54bba33a7f72f873a39d07b24"

[[package]]
name = "memoffset"
version = "0.9.1"
source = "registry+https://github.com/rust-lang/crates.io-index"
checksum = "488016bfae457b036d996092f6cb448677611ce4449e970ceaf42695203f218a"
dependencies = [
 "autocfg",
]

[[package]]
name = "paste"
version = "1.0.15"
source = "registry+https://github.com/rust-lang/crates.io-index"
checksum = "57c0d7b74b563b49d38dae00a0c37d4d6de9b432382b2892f0574ddcae73fd0a"

[[package]]
name = "pointers"
version = "0.1.0"

[[package]]
name = "posix_types"
version = "0.1.0"

[[package]]
name = "proc-macro2"
version = "1.0.92"
source = "registry+https://github.com/rust-lang/crates.io-index"
checksum = "37d3544b3f2748c54e147655edb5025752e2303145b5aefb3c3ea2c78b973bb0"
dependencies = [
 "unicode-ident",
]

[[package]]
name = "quote"
version = "1.0.37"
source = "registry+https://github.com/rust-lang/crates.io-index"
checksum = "b5b9d34b8991d19d98081b46eacdd8eb58c6f2b201139f7c5f643cc155a633af"
dependencies = [
 "proc-macro2",
]

[[package]]
name = "riscv"
version = "0.13.0"
source = "registry+https://github.com/rust-lang/crates.io-index"
checksum = "afa3cdbeccae4359f6839a00e8b77e5736caa200ba216caf38d24e4c16e2b586"
dependencies = [
 "critical-section",
 "embedded-hal",
 "paste",
 "riscv-macros",
 "riscv-pac",
]

[[package]]
name = "riscv-macros"
version = "0.2.0"
source = "registry+https://github.com/rust-lang/crates.io-index"
checksum = "e8c4aa1ea1af6dcc83a61be12e8189f9b293c3ba5a487778a4cd89fb060fdbbc"
dependencies = [
 "proc-macro2",
 "quote",
 "syn",
]

[[package]]
name = "riscv-pac"
version = "0.2.0"
source = "registry+https://github.com/rust-lang/crates.io-index"
checksum = "8188909339ccc0c68cfb5a04648313f09621e8b87dc03095454f1a11f6c5d436"

[[package]]
name = "sbi"
version = "0.3.0"
source = "registry+https://github.com/rust-lang/crates.io-index"
checksum = "5c64a569a412de4ad7b123f429e434751d74dd7ed25654af962b93c4d1cd584e"

[[package]]
name = "scopeguard"
version = "1.2.0"
source = "registry+https://github.com/rust-lang/crates.io-index"
checksum = "94143f37725109f92c262ed2cf5e59bce7498c01bcc1502d7b9afe439a4e9f49"

[[package]]
name = "slab_allocator"
version = "0.1.0"
dependencies = [
 "eonix_mm",
 "eonix_sync",
 "intrusive_list",
]

[[package]]
name = "spin"
version = "0.10.0"
source = "registry+https://github.com/rust-lang/crates.io-index"
checksum = "d5fe4ccb98d9c292d56fec89a5e07da7fc4cf0dc11e156b41793132775d3e591"
dependencies = [
 "lock_api",
]

[[package]]
name = "syn"
version = "2.0.89"
source = "registry+https://github.com/rust-lang/crates.io-index"
checksum = "44d46482f1c1c87acd84dea20c1bf5ebff4c757009ed6bf19cfd36fb10e92c4e"
dependencies = [
 "proc-macro2",
 "quote",
 "unicode-ident",
]

[[package]]
name = "unicode-ident"
version = "1.0.14"
source = "registry+https://github.com/rust-lang/crates.io-index"
checksum = "adb9e6ca4f869e1180728b7950e35922a7fc6397f7b641499e8f3ef06e50dc83"
